
Microsoft Visual Studio Solution File, Format Version 12.00
# Visual Studio Version 17
VisualStudioVersion = 17.12.35707.178 d17.12
MinimumVisualStudioVersion = 10.0.40219.1
Project("{FAE04EC0-301F-11D3-BF4B-00C04F79EFBC}") = "AES.Client", "AdvancedEncryptionStandard\AES.Client.csproj", "{6A02C01C-AD48-4C01-9E3E-DAEDBCAE6A2C}"
EndProject
Project("{FAE04EC0-301F-11D3-BF4B-00C04F79EFBC}") = "AES.Server", "AES.Client\AES.Server.csproj", "{B44DF557-F2D0-4BD8-B5E1-272926D671D0}"
EndProject
Project("{FAE04EC0-301F-11D3-BF4B-00C04F79EFBC}") = "AES.Common", "AES.Common\AES.Common.csproj", "{2BB34D06-A55D-466F-8B12-B7416F5C6E73}"
EndProject
Global
	GlobalSection(SolutionConfigurationPlatforms) = preSolution
		Debug|Any CPU = Debug|Any CPU
		Release|Any CPU = Release|Any CPU
	EndGlobalSection
	GlobalSection(ProjectConfigurationPlatforms) = postSolution
		{6A02C01C-AD48-4C01-9E3E-DAEDBCAE6A2C}.Debug|Any CPU.ActiveCfg = Debug|Any CPU
		{6A02C01C-AD48-4C01-9E3E-DAEDBCAE6A2C}.Debug|Any CPU.Build.0 = Debug|Any CPU
		{6A02C01C-AD48-4C01-9E3E-DAEDBCAE6A2C}.Release|Any CPU.ActiveCfg = Release|Any CPU
		{6A02C01C-AD48-4C01-9E3E-DAEDBCAE6A2C}.Release|Any CPU.Build.0 = Release|Any CPU
		{B44DF557-F2D0-4BD8-B5E1-272926D671D0}.Debug|Any CPU.ActiveCfg = Debug|Any CPU
		{B44DF557-F2D0-4BD8-B5E1-272926D671D0}.Debug|Any CPU.Build.0 = Debug|Any CPU
		{B44DF557-F2D0-4BD8-B5E1-272926D671D0}.Release|Any CPU.ActiveCfg = Release|Any CPU
		{B44DF557-F2D0-4BD8-B5E1-272926D671D0}.Release|Any CPU.Build.0 = Release|Any CPU
		{2BB34D06-A55D-466F-8B12-B7416F5C6E73}.Debug|Any CPU.ActiveCfg = Debug|Any CPU
		{2BB34D06-A55D-466F-8B12-B7416F5C6E73}.Debug|Any CPU.Build.0 = Debug|Any CPU
		{2BB34D06-A55D-466F-8B12-B7416F5C6E73}.Release|Any CPU.ActiveCfg = Release|Any CPU
		{2BB34D06-A55D-466F-8B12-B7416F5C6E73}.Release|Any CPU.Build.0 = Release|Any CPU
	EndGlobalSection
	GlobalSection(SolutionProperties) = preSolution
		HideSolutionNode = FALSE
	EndGlobalSection
EndGlobal
